
Microsoft Visual Studio Solution File, Format Version 12.00
# Visual Studio Version 16
VisualStudioVersion = 16.0.30114.105
MinimumVisualStudioVersion = 10.0.40219.1
Project("{FAE04EC0-301F-11D3-BF4B-00C04F79EFBC}") = "Switch_onoff", "Switch_onoff\Switch_onoff.csproj", "{EDF4A783-20A1-40AB-A250-68C5D543E1CD}"
EndProject
Global
	GlobalSection(SolutionConfigurationPlatforms) = preSolution
		Debug|Any CPU = Debug|Any CPU
		Release|Any CPU = Release|Any CPU
	EndGlobalSection
	GlobalSection(ProjectConfigurationPlatforms) = postSolution
		{EDF4A783-20A1-40AB-A250-68C5D543E1CD}.Debug|Any CPU.ActiveCfg = Debug|Any CPU
		{EDF4A783-20A1-40AB-A250-68C5D543E1CD}.Debug|Any CPU.Build.0 = Debug|Any CPU
		{EDF4A783-20A1-40AB-A250-68C5D543E1CD}.Release|Any CPU.ActiveCfg = Release|Any CPU
		{EDF4A783-20A1-40AB-A250-68C5D543E1CD}.Release|Any CPU.Build.0 = Release|Any CPU
	EndGlobalSection
	GlobalSection(SolutionProperties) = preSolution
		HideSolutionNode = FALSE
	EndGlobalSection
	GlobalSection(ExtensibilityGlobals) = postSolution
		SolutionGuid = {53FBC5B4-00F5-4E3E-AB40-E93FF0E30C63}
	EndGlobalSection
EndGlobal
